// !$*UTF8*$!
{
	archiveVersion = 1;
	classes = {
	};
	objectVersion = 55;
	objects = {

/* Begin PBXBuildFile section */
		18C24A5928426B8700373FB9 /* AppDelegate.swift in Sources */ = {isa = PBXBuildFile; fileRef = 18C24A5828426B8700373FB9 /* AppDelegate.swift */; };
		18C24A5B28426B8700373FB9 /* SceneDelegate.swift in Sources */ = {isa = PBXBuildFile; fileRef = 18C24A5A28426B8700373FB9 /* SceneDelegate.swift */; };
		18C24A6328426B8700373FB9 /* Cocktails.xcdatamodeld in Sources */ = {isa = PBXBuildFile; fileRef = 18C24A6128426B8700373FB9 /* Cocktails.xcdatamodeld */; };
		18C24A6528426B8900373FB9 /* Assets.xcassets in Resources */ = {isa = PBXBuildFile; fileRef = 18C24A6428426B8900373FB9 /* Assets.xcassets */; };
		18C24A6828426B8900373FB9 /* LaunchScreen.storyboard in Resources */ = {isa = PBXBuildFile; fileRef = 18C24A6628426B8900373FB9 /* LaunchScreen.storyboard */; };
		18C24A7328426B8900373FB9 /* CocktailsTests.swift in Sources */ = {isa = PBXBuildFile; fileRef = 18C24A7228426B8900373FB9 /* CocktailsTests.swift */; };
		18C24A7D28426B8900373FB9 /* CocktailsUITests.swift in Sources */ = {isa = PBXBuildFile; fileRef = 18C24A7C28426B8900373FB9 /* CocktailsUITests.swift */; };
		18C24A7F28426B8900373FB9 /* CocktailsUITestsLaunchTests.swift in Sources */ = {isa = PBXBuildFile; fileRef = 18C24A7E28426B8900373FB9 /* CocktailsUITestsLaunchTests.swift */; };
		18C24A8C28426C7F00373FB9 /* APIManager.swift in Sources */ = {isa = PBXBuildFile; fileRef = 18C24A8B28426C7F00373FB9 /* APIManager.swift */; };
		18C24A9328426F9D00373FB9 /* ItemCell.swift in Sources */ = {isa = PBXBuildFile; fileRef = 18C24A9128426F9D00373FB9 /* ItemCell.swift */; };
		18C24A9428426F9D00373FB9 /* ItemCell.xib in Resources */ = {isa = PBXBuildFile; fileRef = 18C24A9228426F9D00373FB9 /* ItemCell.xib */; };
		18C24A972842725F00373FB9 /* HomeViewController.swift in Sources */ = {isa = PBXBuildFile; fileRef = 18C24A952842725F00373FB9 /* HomeViewController.swift */; };
		18C24A982842725F00373FB9 /* HomeViewController.xib in Resources */ = {isa = PBXBuildFile; fileRef = 18C24A962842725F00373FB9 /* HomeViewController.xib */; };
		18C24A9A2842CA4300373FB9 /* Constants.swift in Sources */ = {isa = PBXBuildFile; fileRef = 18C24A992842CA4300373FB9 /* Constants.swift */; };
		18C24A9D2842D05D00373FB9 /* ItemViewController.swift in Sources */ = {isa = PBXBuildFile; fileRef = 18C24A9B2842D05D00373FB9 /* ItemViewController.swift */; };
		18C24A9E2842D05D00373FB9 /* ItemViewController.xib in Resources */ = {isa = PBXBuildFile; fileRef = 18C24A9C2842D05D00373FB9 /* ItemViewController.xib */; };
/* End PBXBuildFile section */

/* Begin PBXContainerItemProxy section */
		18C24A6F28426B8900373FB9 /* PBXContainerItemProxy */ = {
			isa = PBXContainerItemProxy;
			containerPortal = 18C24A4D28426B8700373FB9 /* Project object */;
			proxyType = 1;
			remoteGlobalIDString = 18C24A5428426B8700373FB9;
			remoteInfo = Cocktails;
		};
		18C24A7928426B8900373FB9 /* PBXContainerItemProxy */ = {
			isa = PBXContainerItemProxy;
			containerPortal = 18C24A4D28426B8700373FB9 /* Project object */;
			proxyType = 1;
			remoteGlobalIDString = 18C24A5428426B8700373FB9;
			remoteInfo = Cocktails;
		};
/* End PBXContainerItemProxy section */

/* Begin PBXFileReference section */
		18C24A5528426B8700373FB9 /* Cocktails.app */ = {isa = PBXFileReference; explicitFileType = wrapper.application; includeInIndex = 0; path = Cocktails.app; sourceTree = BUILT_PRODUCTS_DIR; };
		18C24A5828426B8700373FB9 /* AppDelegate.swift */ = {isa = PBXFileReference; lastKnownFileType = sourcecode.swift; path = AppDelegate.swift; sourceTree = "<group>"; };
		18C24A5A28426B8700373FB9 /* SceneDelegate.swift */ = {isa = PBXFileReference; lastKnownFileType = sourcecode.swift; path = SceneDelegate.swift; sourceTree = "<group>"; };
		18C24A6228426B8700373FB9 /* Cocktails.xcdatamodel */ = {isa = PBXFileReference; lastKnownFileType = wrapper.xcdatamodel; path = Cocktails.xcdatamodel; sourceTree = "<group>"; };
		18C24A6428426B8900373FB9 /* Assets.xcassets */ = {isa = PBXFileReference; lastKnownFileType = folder.assetcatalog; path = Assets.xcassets; sourceTree = "<group>"; };
		18C24A6728426B8900373FB9 /* Base */ = {isa = PBXFileReference; lastKnownFileType = file.storyboard; name = Base; path = Base.lproj/LaunchScreen.storyboard; sourceTree = "<group>"; };
		18C24A6928426B8900373FB9 /* Info.plist */ = {isa = PBXFileReference; lastKnownFileType = text.plist.xml; path = Info.plist; sourceTree = "<group>"; };
		18C24A6E28426B8900373FB9 /* CocktailsTests.xctest */ = {isa = PBXFileReference; explicitFileType = wrapper.cfbundle; includeInIndex = 0; path = CocktailsTests.xctest; sourceTree = BUILT_PRODUCTS_DIR; };
		18C24A7228426B8900373FB9 /* CocktailsTests.swift */ = {isa = PBXFileReference; lastKnownFileType = sourcecode.swift; path = CocktailsTests.swift; sourceTree = "<group>"; };
		18C24A7828426B8900373FB9 /* CocktailsUITests.xctest */ = {isa = PBXFileReference; explicitFileType = wrapper.cfbundle; includeInIndex = 0; path = CocktailsUITests.xctest; sourceTree = BUILT_PRODUCTS_DIR; };
		18C24A7C28426B8900373FB9 /* CocktailsUITests.swift */ = {isa = PBXFileReference; lastKnownFileType = sourcecode.swift; path = CocktailsUITests.swift; sourceTree = "<group>"; };
		18C24A7E28426B8900373FB9 /* CocktailsUITestsLaunchTests.swift */ = {isa = PBXFileReference; lastKnownFileType = sourcecode.swift; path = CocktailsUITestsLaunchTests.swift; sourceTree = "<group>"; };
		18C24A8B28426C7F00373FB9 /* APIManager.swift */ = {isa = PBXFileReference; lastKnownFileType = sourcecode.swift; path = APIManager.swift; sourceTree = "<group>"; };
		18C24A9128426F9D00373FB9 /* ItemCell.swift */ = {isa = PBXFileReference; lastKnownFileType = sourcecode.swift; path = ItemCell.swift; sourceTree = "<group>"; };
		18C24A9228426F9D00373FB9 /* ItemCell.xib */ = {isa = PBXFileReference; lastKnownFileType = file.xib; path = ItemCell.xib; sourceTree = "<group>"; };
		18C24A952842725F00373FB9 /* HomeViewController.swift */ = {isa = PBXFileReference; lastKnownFileType = sourcecode.swift; path = HomeViewController.swift; sourceTree = "<group>"; };
		18C24A962842725F00373FB9 /* HomeViewController.xib */ = {isa = PBXFileReference; lastKnownFileType = file.xib; path = HomeViewController.xib; sourceTree = "<group>"; };
		18C24A992842CA4300373FB9 /* Constants.swift */ = {isa = PBXFileReference; lastKnownFileType = sourcecode.swift; path = Constants.swift; sourceTree = "<group>"; };
		18C24A9B2842D05D00373FB9 /* ItemViewController.swift */ = {isa = PBXFileReference; lastKnownFileType = sourcecode.swift; path = ItemViewController.swift; sourceTree = "<group>"; };
		18C24A9C2842D05D00373FB9 /* ItemViewController.xib */ = {isa = PBXFileReference; lastKnownFileType = file.xib; path = ItemViewController.xib; sourceTree = "<group>"; };
/* End PBXFileReference section */

/* Begin PBXFrameworksBuildPhase section */
		18C24A5228426B8700373FB9 /* Frameworks */ = {
			isa = PBXFrameworksBuildPhase;
			buildActionMask = 2147483647;
			files = (
			);
			runOnlyForDeploymentPostprocessing = 0;
		};
		18C24A6B28426B8900373FB9 /* Frameworks */ = {
			isa = PBXFrameworksBuildPhase;
			buildActionMask = 2147483647;
			files = (
			);
			runOnlyForDeploymentPostprocessing = 0;
		};
		18C24A7528426B8900373FB9 /* Frameworks */ = {
			isa = PBXFrameworksBuildPhase;
			buildActionMask = 2147483647;
			files = (
			);
			runOnlyForDeploymentPostprocessing = 0;
		};
/* End PBXFrameworksBuildPhase section */

/* Begin PBXGroup section */
		18C24A4C28426B8700373FB9 = {
			isa = PBXGroup;
			children = (
				18C24A5728426B8700373FB9 /* Cocktails */,
				18C24A7128426B8900373FB9 /* CocktailsTests */,
				18C24A7B28426B8900373FB9 /* CocktailsUITests */,
				18C24A5628426B8700373FB9 /* Products */,
			);
			sourceTree = "<group>";
		};
		18C24A5628426B8700373FB9 /* Products */ = {
			isa = PBXGroup;
			children = (
				18C24A5528426B8700373FB9 /* Cocktails.app */,
				18C24A6E28426B8900373FB9 /* CocktailsTests.xctest */,
				18C24A7828426B8900373FB9 /* CocktailsUITests.xctest */,
			);
			name = Products;
			sourceTree = "<group>";
		};
		18C24A5728426B8700373FB9 /* Cocktails */ = {
			isa = PBXGroup;
			children = (
				18C24A8F28426F3E00373FB9 /* Controllers */,
				18C24A8D28426F1E00373FB9 /* Views */,
				18C24A9028426F4900373FB9 /* Models */,
				18C24A8E28426F3000373FB9 /* Resources */,
				18C24A6928426B8900373FB9 /* Info.plist */,
				18C24A6128426B8700373FB9 /* Cocktails.xcdatamodeld */,
			);
			path = Cocktails;
			sourceTree = "<group>";
		};
		18C24A7128426B8900373FB9 /* CocktailsTests */ = {
			isa = PBXGroup;
			children = (
				18C24A7228426B8900373FB9 /* CocktailsTests.swift */,
			);
			path = CocktailsTests;
			sourceTree = "<group>";
		};
		18C24A7B28426B8900373FB9 /* CocktailsUITests */ = {
			isa = PBXGroup;
			children = (
				18C24A7C28426B8900373FB9 /* CocktailsUITests.swift */,
				18C24A7E28426B8900373FB9 /* CocktailsUITestsLaunchTests.swift */,
			);
			path = CocktailsUITests;
			sourceTree = "<group>";
		};
		18C24A8D28426F1E00373FB9 /* Views */ = {
			isa = PBXGroup;
			children = (
				18C24A962842725F00373FB9 /* HomeViewController.xib */,
				18C24A9C2842D05D00373FB9 /* ItemViewController.xib */,
				18C24A9228426F9D00373FB9 /* ItemCell.xib */,
				18C24A6628426B8900373FB9 /* LaunchScreen.storyboard */,
			);
			path = Views;
			sourceTree = "<group>";
		};
		18C24A8E28426F3000373FB9 /* Resources */ = {
			isa = PBXGroup;
			children = (
				18C24A6428426B8900373FB9 /* Assets.xcassets */,
				18C24A5828426B8700373FB9 /* AppDelegate.swift */,
				18C24A5A28426B8700373FB9 /* SceneDelegate.swift */,
			);
			path = Resources;
			sourceTree = "<group>";
		};
		18C24A8F28426F3E00373FB9 /* Controllers */ = {
			isa = PBXGroup;
			children = (
				18C24A9128426F9D00373FB9 /* ItemCell.swift */,
				18C24A952842725F00373FB9 /* HomeViewController.swift */,
				18C24A9B2842D05D00373FB9 /* ItemViewController.swift */,
			);
			path = Controllers;
			sourceTree = "<group>";
		};
		18C24A9028426F4900373FB9 /* Models */ = {
			isa = PBXGroup;
			children = (
				18C24A8B28426C7F00373FB9 /* APIManager.swift */,
				18C24A992842CA4300373FB9 /* Constants.swift */,
			);
			path = Models;
			sourceTree = "<group>";
		};
/* End PBXGroup section */

/* Begin PBXNativeTarget section */
		18C24A5428426B8700373FB9 /* Cocktails */ = {
			isa = PBXNativeTarget;
			buildConfigurationList = 18C24A8228426B8900373FB9 /* Build configuration list for PBXNativeTarget "Cocktails" */;
			buildPhases = (
				18C24A5128426B8700373FB9 /* Sources */,
				18C24A5228426B8700373FB9 /* Frameworks */,
				18C24A5328426B8700373FB9 /* Resources */,
			);
			buildRules = (
			);
			dependencies = (
			);
			name = Cocktails;
			productName = Cocktails;
			productReference = 18C24A5528426B8700373FB9 /* Cocktails.app */;
			productType = "com.apple.product-type.application";
		};
		18C24A6D28426B8900373FB9 /* CocktailsTests */ = {
			isa = PBXNativeTarget;
			buildConfigurationList = 18C24A8528426B8900373FB9 /* Build configuration list for PBXNativeTarget "CocktailsTests" */;
			buildPhases = (
				18C24A6A28426B8900373FB9 /* Sources */,
				18C24A6B28426B8900373FB9 /* Frameworks */,
				18C24A6C28426B8900373FB9 /* Resources */,
			);
			buildRules = (
			);
			dependencies = (
				18C24A7028426B8900373FB9 /* PBXTargetDependency */,
			);
			name = CocktailsTests;
			productName = CocktailsTests;
			productReference = 18C24A6E28426B8900373FB9 /* CocktailsTests.xctest */;
			productType = "com.apple.product-type.bundle.unit-test";
		};
		18C24A7728426B8900373FB9 /* CocktailsUITests */ = {
			isa = PBXNativeTarget;
			buildConfigurationList = 18C24A8828426B8900373FB9 /* Build configuration list for PBXNativeTarget "CocktailsUITests" */;
			buildPhases = (
				18C24A7428426B8900373FB9 /* Sources */,
				18C24A7528426B8900373FB9 /* Frameworks */,
				18C24A7628426B8900373FB9 /* Resources */,
			);
			buildRules = (
			);
			dependencies = (
				18C24A7A28426B8900373FB9 /* PBXTargetDependency */,
			);
			name = CocktailsUITests;
			productName = CocktailsUITests;
			productReference = 18C24A7828426B8900373FB9 /* CocktailsUITests.xctest */;
			productType = "com.apple.product-type.bundle.ui-testing";
		};
/* End PBXNativeTarget section */

/* Begin PBXProject section */
		18C24A4D28426B8700373FB9 /* Project object */ = {
			isa = PBXProject;
			attributes = {
				BuildIndependentTargetsInParallel = 1;
				LastSwiftUpdateCheck = 1320;
				LastUpgradeCheck = 1320;
				TargetAttributes = {
					18C24A5428426B8700373FB9 = {
						CreatedOnToolsVersion = 13.2.1;
					};
					18C24A6D28426B8900373FB9 = {
						CreatedOnToolsVersion = 13.2.1;
						TestTargetID = 18C24A5428426B8700373FB9;
					};
					18C24A7728426B8900373FB9 = {
						CreatedOnToolsVersion = 13.2.1;
						TestTargetID = 18C24A5428426B8700373FB9;
					};
				};
			};
			buildConfigurationList = 18C24A5028426B8700373FB9 /* Build configuration list for PBXProject "Cocktails" */;
			compatibilityVersion = "Xcode 13.0";
			developmentRegion = en;
			hasScannedForEncodings = 0;
			knownRegions = (
				en,
				Base,
			);
			mainGroup = 18C24A4C28426B8700373FB9;
			productRefGroup = 18C24A5628426B8700373FB9 /* Products */;
			projectDirPath = "";
			projectRoot = "";
			targets = (
				18C24A5428426B8700373FB9 /* Cocktails */,
				18C24A6D28426B8900373FB9 /* CocktailsTests */,
				18C24A7728426B8900373FB9 /* CocktailsUITests */,
			);
		};
/* End PBXProject section */

/* Begin PBXResourcesBuildPhase section */
		18C24A5328426B8700373FB9 /* Resources */ = {
			isa = PBXResourcesBuildPhase;
			buildActionMask = 2147483647;
			files = (
				18C24A6828426B8900373FB9 /* LaunchScreen.storyboard in Resources */,
				18C24A6528426B8900373FB9 /* Assets.xcassets in Resources */,
				18C24A9E2842D05D00373FB9 /* ItemViewController.xib in Resources */,
				18C24A9428426F9D00373FB9 /* ItemCell.xib in Resources */,
				18C24A982842725F00373FB9 /* HomeViewController.xib in Resources */,
			);
			runOnlyForDeploymentPostprocessing = 0;
		};
		18C24A6C28426B8900373FB9 /* Resources */ = {
			isa = PBXResourcesBuildPhase;
			buildActionMask = 2147483647;
			files = (
			);
			runOnlyForDeploymentPostprocessing = 0;
		};
		18C24A7628426B8900373FB9 /* Resources */ = {
			isa = PBXResourcesBuildPhase;
			buildActionMask = 2147483647;
			files = (
			);
			runOnlyForDeploymentPostprocessing = 0;
		};
/* End PBXResourcesBuildPhase section */

/* Begin PBXSourcesBuildPhase section */
		18C24A5128426B8700373FB9 /* Sources */ = {
			isa = PBXSourcesBuildPhase;
			buildActionMask = 2147483647;
			files = (
				18C24A5928426B8700373FB9 /* AppDelegate.swift in Sources */,
				18C24A9D2842D05D00373FB9 /* ItemViewController.swift in Sources */,
				18C24A9328426F9D00373FB9 /* ItemCell.swift in Sources */,
				18C24A8C28426C7F00373FB9 /* APIManager.swift in Sources */,
				18C24A5B28426B8700373FB9 /* SceneDelegate.swift in Sources */,
				18C24A9A2842CA4300373FB9 /* Constants.swift in Sources */,
				18C24A6328426B8700373FB9 /* Cocktails.xcdatamodeld in Sources */,
				18C24A972842725F00373FB9 /* HomeViewController.swift in Sources */,
			);
			runOnlyForDeploymentPostprocessing = 0;
		};
		18C24A6A28426B8900373FB9 /* Sources */ = {
			isa = PBXSourcesBuildPhase;
			buildActionMask = 2147483647;
			files = (
				18C24A7328426B8900373FB9 /* CocktailsTests.swift in Sources */,
			);
			runOnlyForDeploymentPostprocessing = 0;
		};
		18C24A7428426B8900373FB9 /* Sources */ = {
			isa = PBXSourcesBuildPhase;
			buildActionMask = 2147483647;
			files = (
				18C24A7F28426B8900373FB9 /* CocktailsUITestsLaunchTests.swift in Sources */,
				18C24A7D28426B8900373FB9 /* CocktailsUITests.swift in Sources */,
			);
			runOnlyForDeploymentPostprocessing = 0;
		};
/* End PBXSourcesBuildPhase section */

/* Begin PBXTargetDependency section */
		18C24A7028426B8900373FB9 /* PBXTargetDependency */ = {
			isa = PBXTargetDependency;
			target = 18C24A5428426B8700373FB9 /* Cocktails */;
			targetProxy = 18C24A6F28426B8900373FB9 /* PBXContainerItemProxy */;
		};
		18C24A7A28426B8900373FB9 /* PBXTargetDependency */ = {
			isa = PBXTargetDependency;
			target = 18C24A5428426B8700373FB9 /* Cocktails */;
			targetProxy = 18C24A7928426B8900373FB9 /* PBXContainerItemProxy */;
		};
/* End PBXTargetDependency section */

/* Begin PBXVariantGroup section */
		18C24A6628426B8900373FB9 /* LaunchScreen.storyboard */ = {
			isa = PBXVariantGroup;
			children = (
				18C24A6728426B8900373FB9 /* Base */,
			);
			name = LaunchScreen.storyboard;
			sourceTree = "<group>";
		};
/* End PBXVariantGroup section */

/* Begin XCBuildConfiguration section */
		18C24A8028426B8900373FB9 /* Debug */ = {
			isa = XCBuildConfiguration;
			buildSettings = {
				ALWAYS_SEARCH_USER_PATHS = NO;
				CLANG_ANALYZER_NONNULL = YES;
				CLANG_ANALYZER_NUMBER_OBJECT_CONVERSION = YES_AGGRESSIVE;
				CLANG_CXX_LANGUAGE_STANDARD = "gnu++17";
				CLANG_CXX_LIBRARY = "libc++";
				CLANG_ENABLE_MODULES = YES;
				CLANG_ENABLE_OBJC_ARC = YES;
				CLANG_ENABLE_OBJC_WEAK = YES;
				CLANG_WARN_BLOCK_CAPTURE_AUTORELEASING = YES;
				CLANG_WARN_BOOL_CONVERSION = YES;
				CLANG_WARN_COMMA = YES;
				CLANG_WARN_CONSTANT_CONVERSION = YES;
				CLANG_WARN_DEPRECATED_OBJC_IMPLEMENTATIONS = YES;
				CLANG_WARN_DIRECT_OBJC_ISA_USAGE = YES_ERROR;
				CLANG_WARN_DOCUMENTATION_COMMENTS = YES;
				CLANG_WARN_EMPTY_BODY = YES;
				CLANG_WARN_ENUM_CONVERSION = YES;
				CLANG_WARN_INFINITE_RECURSION = YES;
				CLANG_WARN_INT_CONVERSION = YES;
				CLANG_WARN_NON_LITERAL_NULL_CONVERSION = YES;
				CLANG_WARN_OBJC_IMPLICIT_RETAIN_SELF = YES;
				CLANG_WARN_OBJC_LITERAL_CONVERSION = YES;
				CLANG_WARN_OBJC_ROOT_CLASS = YES_ERROR;
				CLANG_WARN_QUOTED_INCLUDE_IN_FRAMEWORK_HEADER = YES;
				CLANG_WARN_RANGE_LOOP_ANALYSIS = YES;
				CLANG_WARN_STRICT_PROTOTYPES = YES;
				CLANG_WARN_SUSPICIOUS_MOVE = YES;
				CLANG_WARN_UNGUARDED_AVAILABILITY = YES_AGGRESSIVE;
				CLANG_WARN_UNREACHABLE_CODE = YES;
				CLANG_WARN__DUPLICATE_METHOD_MATCH = YES;
				COPY_PHASE_STRIP = NO;
				DEBUG_INFORMATION_FORMAT = dwarf;
				ENABLE_STRICT_OBJC_MSGSEND = YES;
				ENABLE_TESTABILITY = YES;
				GCC_C_LANGUAGE_STANDARD = gnu11;
				GCC_DYNAMIC_NO_PIC = NO;
				GCC_NO_COMMON_BLOCKS = YES;
				GCC_OPTIMIZATION_LEVEL = 0;
				GCC_PREPROCESSOR_DEFINITIONS = (
					"DEBUG=1",
					"$(inherited)",
				);
				GCC_WARN_64_TO_32_BIT_CONVERSION = YES;
				GCC_WARN_ABOUT_RETURN_TYPE = YES_ERROR;
				GCC_WARN_UNDECLARED_SELECTOR = YES;
				GCC_WARN_UNINITIALIZED_AUTOS = YES_AGGRESSIVE;
				GCC_WARN_UNUSED_FUNCTION = YES;
				GCC_WARN_UNUSED_VARIABLE = YES;
				IPHONEOS_DEPLOYMENT_TARGET = 15.2;
				MTL_ENABLE_DEBUG_INFO = INCLUDE_SOURCE;
				MTL_FAST_MATH = YES;
				ONLY_ACTIVE_ARCH = YES;
				SDKROOT = iphoneos;
				SWIFT_ACTIVE_COMPILATION_CONDITIONS = DEBUG;
				SWIFT_OPTIMIZATION_LEVEL = "-Onone";
			};
			name = Debug;
		};
		18C24A8128426B8900373FB9 /* Release */ = {
			isa = XCBuildConfiguration;
			buildSettings = {
				ALWAYS_SEARCH_USER_PATHS = NO;
				CLANG_ANALYZER_NONNULL = YES;
				CLANG_ANALYZER_NUMBER_OBJECT_CONVERSION = YES_AGGRESSIVE;
				CLANG_CXX_LANGUAGE_STANDARD = "gnu++17";
				CLANG_CXX_LIBRARY = "libc++";
				CLANG_ENABLE_MODULES = YES;
				CLANG_ENABLE_OBJC_ARC = YES;
				CLANG_ENABLE_OBJC_WEAK = YES;
				CLANG_WARN_BLOCK_CAPTURE_AUTORELEASING = YES;
				CLANG_WARN_BOOL_CONVERSION = YES;
				CLANG_WARN_COMMA = YES;
				CLANG_WARN_CONSTANT_CONVERSION = YES;
				CLANG_WARN_DEPRECATED_OBJC_IMPLEMENTATIONS = YES;
				CLANG_WARN_DIRECT_OBJC_ISA_USAGE = YES_ERROR;
				CLANG_WARN_DOCUMENTATION_COMMENTS = YES;
				CLANG_WARN_EMPTY_BODY = YES;
				CLANG_WARN_ENUM_CONVERSION = YES;
				CLANG_WARN_INFINITE_RECURSION = YES;
				CLANG_WARN_INT_CONVERSION = YES;
				CLANG_WARN_NON_LITERAL_NULL_CONVERSION = YES;
				CLANG_WARN_OBJC_IMPLICIT_RETAIN_SELF = YES;
				CLANG_WARN_OBJC_LITERAL_CONVERSION = YES;
				CLANG_WARN_OBJC_ROOT_CLASS = YES_ERROR;
				CLANG_WARN_QUOTED_INCLUDE_IN_FRAMEWORK_HEADER = YES;
				CLANG_WARN_RANGE_LOOP_ANALYSIS = YES;
				CLANG_WARN_STRICT_PROTOTYPES = YES;
				CLANG_WARN_SUSPICIOUS_MOVE = YES;
				CLANG_WARN_UNGUARDED_AVAILABILITY = YES_AGGRESSIVE;
				CLANG_WARN_UNREACHABLE_CODE = YES;
				CLANG_WARN__DUPLICATE_METHOD_MATCH = YES;
				COPY_PHASE_STRIP = NO;
				DEBUG_INFORMATION_FORMAT = "dwarf-with-dsym";
				ENABLE_NS_ASSERTIONS = NO;
				ENABLE_STRICT_OBJC_MSGSEND = YES;
				GCC_C_LANGUAGE_STANDARD = gnu11;
				GCC_NO_COMMON_BLOCKS = YES;
				GCC_WARN_64_TO_32_BIT_CONVERSION = YES;
				GCC_WARN_ABOUT_RETURN_TYPE = YES_ERROR;
				GCC_WARN_UNDECLARED_SELECTOR = YES;
				GCC_WARN_UNINITIALIZED_AUTOS = YES_AGGRESSIVE;
				GCC_WARN_UNUSED_FUNCTION = YES;
				GCC_WARN_UNUSED_VARIABLE = YES;
				IPHONEOS_DEPLOYMENT_TARGET = 15.2;
				MTL_ENABLE_DEBUG_INFO = NO;
				MTL_FAST_MATH = YES;
				SDKROOT = iphoneos;
				SWIFT_COMPILATION_MODE = wholemodule;
				SWIFT_OPTIMIZATION_LEVEL = "-O";
				VALIDATE_PRODUCT = YES;
			};
			name = Release;
		};
		18C24A8328426B8900373FB9 /* Debug */ = {
			isa = XCBuildConfiguration;
			buildSettings = {
				ASSETCATALOG_COMPILER_APPICON_NAME = AppIcon;
				ASSETCATALOG_COMPILER_GLOBAL_ACCENT_COLOR_NAME = AccentColor;
				CODE_SIGN_STYLE = Automatic;
				CURRENT_PROJECT_VERSION = 1;
				DEVELOPMENT_TEAM = 3XV8992957;
				GENERATE_INFOPLIST_FILE = YES;
				INFOPLIST_FILE = Cocktails/Info.plist;
				INFOPLIST_KEY_UIApplicationSupportsIndirectInputEvents = YES;
				INFOPLIST_KEY_UILaunchStoryboardName = LaunchScreen;
				INFOPLIST_KEY_UISupportedInterfaceOrientations_iPad = "UIInterfaceOrientationPortrait UIInterfaceOrientationPortraitUpsideDown UIInterfaceOrientationLandscapeLeft UIInterfaceOrientationLandscapeRight";
				INFOPLIST_KEY_UISupportedInterfaceOrientations_iPhone = "UIInterfaceOrientationPortrait UIInterfaceOrientationLandscapeLeft UIInterfaceOrientationLandscapeRight";
				LD_RUNPATH_SEARCH_PATHS = (
					"$(inherited)",
					"@executable_path/Frameworks",
				);
				MARKETING_VERSION = 1.0;
				PRODUCT_BUNDLE_IDENTIFIER = com.camilastorck.Cocktails;
				PRODUCT_NAME = "$(TARGET_NAME)";
				SWIFT_EMIT_LOC_STRINGS = YES;
				SWIFT_VERSION = 5.0;
				TARGETED_DEVICE_FAMILY = "1,2";
			};
			name = Debug;
		};
		18C24A8428426B8900373FB9 /* Release */ = {
			isa = XCBuildConfiguration;
			buildSettings = {
				ASSETCATALOG_COMPILER_APPICON_NAME = AppIcon;
				ASSETCATALOG_COMPILER_GLOBAL_ACCENT_COLOR_NAME = AccentColor;
				CODE_SIGN_STYLE = Automatic;
				CURRENT_PROJECT_VERSION = 1;
				DEVELOPMENT_TEAM = 3XV8992957;
				GENERATE_INFOPLIST_FILE = YES;
				INFOPLIST_FILE = Cocktails/Info.plist;
				INFOPLIST_KEY_UIApplicationSupportsIndirectInputEvents = YES;
				INFOPLIST_KEY_UILaunchStoryboardName = LaunchScreen;
				INFOPLIST_KEY_UISupportedInterfaceOrientations_iPad = "UIInterfaceOrientationPortrait UIInterfaceOrientationPortraitUpsideDown UIInterfaceOrientationLandscapeLeft UIInterfaceOrientationLandscapeRight";
				INFOPLIST_KEY_UISupportedInterfaceOrientations_iPhone = "UIInterfaceOrientationPortrait UIInterfaceOrientationLandscapeLeft UIInterfaceOrientationLandscapeRight";
				LD_RUNPATH_SEARCH_PATHS = (
					"$(inherited)",
					"@executable_path/Frameworks",
				);
				MARKETING_VERSION = 1.0;
				PRODUCT_BUNDLE_IDENTIFIER = com.camilastorck.Cocktails;
				PRODUCT_NAME = "$(TARGET_NAME)";
				SWIFT_EMIT_LOC_STRINGS = YES;
				SWIFT_VERSION = 5.0;
				TARGETED_DEVICE_FAMILY = "1,2";
			};
			name = Release;
		};
		18C24A8628426B8900373FB9 /* Debug */ = {
			isa = XCBuildConfiguration;
			buildSettings = {
				ALWAYS_EMBED_SWIFT_STANDARD_LIBRARIES = YES;
				BUNDLE_LOADER = "$(TEST_HOST)";
				CODE_SIGN_STYLE = Automatic;
				CURRENT_PROJECT_VERSION = 1;
				DEVELOPMENT_TEAM = 3XV8992957;
				GENERATE_INFOPLIST_FILE = YES;
				IPHONEOS_DEPLOYMENT_TARGET = 15.2;
				MARKETING_VERSION = 1.0;
				PRODUCT_BUNDLE_IDENTIFIER = com.camilastorck.CocktailsTests;
				PRODUCT_NAME = "$(TARGET_NAME)";
				SWIFT_EMIT_LOC_STRINGS = NO;
				SWIFT_VERSION = 5.0;
				TARGETED_DEVICE_FAMILY = "1,2";
				TEST_HOST = "$(BUILT_PRODUCTS_DIR)/Cocktails.app/Cocktails";
			};
			name = Debug;
		};
		18C24A8728426B8900373FB9 /* Release */ = {
			isa = XCBuildConfiguration;
			buildSettings = {
				ALWAYS_EMBED_SWIFT_STANDARD_LIBRARIES = YES;
				BUNDLE_LOADER = "$(TEST_HOST)";
				CODE_SIGN_STYLE = Automatic;
				CURRENT_PROJECT_VERSION = 1;
				DEVELOPMENT_TEAM = 3XV8992957;
				GENERATE_INFOPLIST_FILE = YES;
				IPHONEOS_DEPLOYMENT_TARGET = 15.2;
				MARKETING_VERSION = 1.0;
				PRODUCT_BUNDLE_IDENTIFIER = com.camilastorck.CocktailsTests;
				PRODUCT_NAME = "$(TARGET_NAME)";
				SWIFT_EMIT_LOC_STRINGS = NO;
				SWIFT_VERSION = 5.0;
				TARGETED_DEVICE_FAMILY = "1,2";
				TEST_HOST = "$(BUILT_PRODUCTS_DIR)/Cocktails.app/Cocktails";
			};
			name = Release;
		};
		18C24A8928426B8900373FB9 /* Debug */ = {
			isa = XCBuildConfiguration;
			buildSettings = {
				ALWAYS_EMBED_SWIFT_STANDARD_LIBRARIES = YES;
				CODE_SIGN_STYLE = Automatic;
				CURRENT_PROJECT_VERSION = 1;
				DEVELOPMENT_TEAM = 3XV8992957;
				GENERATE_INFOPLIST_FILE = YES;
				MARKETING_VERSION = 1.0;
				PRODUCT_BUNDLE_IDENTIFIER = com.camilastorck.CocktailsUITests;
				PRODUCT_NAME = "$(TARGET_NAME)";
				SWIFT_EMIT_LOC_STRINGS = NO;
				SWIFT_VERSION = 5.0;
				TARGETED_DEVICE_FAMILY = "1,2";
				TEST_TARGET_NAME = Cocktails;
			};
			name = Debug;
		};
		18C24A8A28426B8900373FB9 /* Release */ = {
			isa = XCBuildConfiguration;
			buildSettings = {
				ALWAYS_EMBED_SWIFT_STANDARD_LIBRARIES = YES;
				CODE_SIGN_STYLE = Automatic;
				CURRENT_PROJECT_VERSION = 1;
				DEVELOPMENT_TEAM = 3XV8992957;
				GENERATE_INFOPLIST_FILE = YES;
				MARKETING_VERSION = 1.0;
				PRODUCT_BUNDLE_IDENTIFIER = com.camilastorck.CocktailsUITests;
				PRODUCT_NAME = "$(TARGET_NAME)";
				SWIFT_EMIT_LOC_STRINGS = NO;
				SWIFT_VERSION = 5.0;
				TARGETED_DEVICE_FAMILY = "1,2";
				TEST_TARGET_NAME = Cocktails;
			};
			name = Release;
		};
/* End XCBuildConfiguration section */

/* Begin XCConfigurationList section */
		18C24A5028426B8700373FB9 /* Build configuration list for PBXProject "Cocktails" */ = {
			isa = XCConfigurationList;
			buildConfigurations = (
				18C24A8028426B8900373FB9 /* Debug */,
				18C24A8128426B8900373FB9 /* Release */,
			);
			defaultConfigurationIsVisible = 0;
			defaultConfigurationName = Release;
		};
		18C24A8228426B8900373FB9 /* Build configuration list for PBXNativeTarget "Cocktails" */ = {
			isa = XCConfigurationList;
			buildConfigurations = (
				18C24A8328426B8900373FB9 /* Debug */,
				18C24A8428426B8900373FB9 /* Release */,
			);
			defaultConfigurationIsVisible = 0;
			defaultConfigurationName = Release;
		};
		18C24A8528426B8900373FB9 /* Build configuration list for PBXNativeTarget "CocktailsTests" */ = {
			isa = XCConfigurationList;
			buildConfigurations = (
				18C24A8628426B8900373FB9 /* Debug */,
				18C24A8728426B8900373FB9 /* Release */,
			);
			defaultConfigurationIsVisible = 0;
			defaultConfigurationName = Release;
		};
		18C24A8828426B8900373FB9 /* Build configuration list for PBXNativeTarget "CocktailsUITests" */ = {
			isa = XCConfigurationList;
			buildConfigurations = (
				18C24A8928426B8900373FB9 /* Debug */,
				18C24A8A28426B8900373FB9 /* Release */,
			);
			defaultConfigurationIsVisible = 0;
			defaultConfigurationName = Release;
		};
/* End XCConfigurationList section */

/* Begin XCVersionGroup section */
		18C24A6128426B8700373FB9 /* Cocktails.xcdatamodeld */ = {
			isa = XCVersionGroup;
			children = (
				18C24A6228426B8700373FB9 /* Cocktails.xcdatamodel */,
			);
			currentVersion = 18C24A6228426B8700373FB9 /* Cocktails.xcdatamodel */;
			path = Cocktails.xcdatamodeld;
			sourceTree = "<group>";
			versionGroupType = wrapper.xcdatamodel;
		};
/* End XCVersionGroup section */
	};
	rootObject = 18C24A4D28426B8700373FB9 /* Project object */;
}
